
Microsoft Visual Studio Solution File, Format Version 12.00
# Visual Studio Version 17
VisualStudioVersion = 17.4.33213.308
MinimumVisualStudioVersion = 10.0.40219.1
Project("{FAE04EC0-301F-11D3-BF4B-00C04F79EFBC}") = "WebAPI_CRUD_with_SQLServer", "WebAPI_CRUD_with_SQLServer\WebAPI_CRUD_with_SQLServer.csproj", "{B39CEE2C-7AE5-4529-9B3B-6D59A6F33283}"
EndProject
Global
	GlobalSection(SolutionConfigurationPlatforms) = preSolution
		Debug|Any CPU = Debug|Any CPU
		Release|Any CPU = Release|Any CPU
	EndGlobalSection
	GlobalSection(ProjectConfigurationPlatforms) = postSolution
		{B39CEE2C-7AE5-4529-9B3B-6D59A6F33283}.Debug|Any CPU.ActiveCfg = Debug|Any CPU
		{B39CEE2C-7AE5-4529-9B3B-6D59A6F33283}.Debug|Any CPU.Build.0 = Debug|Any CPU
		{B39CEE2C-7AE5-4529-9B3B-6D59A6F33283}.Release|Any CPU.ActiveCfg = Release|Any CPU
		{B39CEE2C-7AE5-4529-9B3B-6D59A6F33283}.Release|Any CPU.Build.0 = Release|Any CPU
	EndGlobalSection
	GlobalSection(SolutionProperties) = preSolution
		HideSolutionNode = FALSE
	EndGlobalSection
	GlobalSection(ExtensibilityGlobals) = postSolution
		SolutionGuid = {F59EA8E2-AC21-4568-A3E1-BBC9EC3302CE}
	EndGlobalSection
EndGlobal
